
Microsoft Visual Studio Solution File, Format Version 12.00
# Visual Studio Version 17
VisualStudioVersion = 17.1.32210.238
MinimumVisualStudioVersion = 10.0.40219.1
Project("{8BC9CEB8-8B4A-11D0-8D11-00A0C91BC942}") = "DirectQII", "DirectQII\DirectQII.vcxproj", "{D7A72414-8DA1-44BC-9425-7EDE32C1CFAC}"
EndProject
Project("{8BC9CEB8-8B4A-11D0-8D11-00A0C91BC942}") = "Renderer", "Renderer\Renderer.vcxproj", "{F2EB7945-2837-4393-9134-9B6C9DEFBE19}"
EndProject
Project("{8BC9CEB8-8B4A-11D0-8D11-00A0C91BC942}") = "game", "game_prj\game.vcxproj", "{E8CC4ACF-D848-4138-9EF3-AA7DFFEF849C}"
EndProject
Global
	GlobalSection(SolutionConfigurationPlatforms) = preSolution
		Debug Alpha|Win32 = Debug Alpha|Win32
		Debug Alpha|x64 = Debug Alpha|x64
		Debug|Win32 = Debug|Win32
		Debug|x64 = Debug|x64
		Release Alpha|Win32 = Release Alpha|Win32
		Release Alpha|x64 = Release Alpha|x64
		Release|Win32 = Release|Win32
		Release|x64 = Release|x64
		Template|Win32 = Template|Win32
		Template|x64 = Template|x64
	EndGlobalSection
	GlobalSection(ProjectConfigurationPlatforms) = postSolution
		{D7A72414-8DA1-44BC-9425-7EDE32C1CFAC}.Debug Alpha|Win32.ActiveCfg = Debug|Win32
		{D7A72414-8DA1-44BC-9425-7EDE32C1CFAC}.Debug Alpha|Win32.Build.0 = Debug|Win32
		{D7A72414-8DA1-44BC-9425-7EDE32C1CFAC}.Debug Alpha|x64.ActiveCfg = Debug|x64
		{D7A72414-8DA1-44BC-9425-7EDE32C1CFAC}.Debug Alpha|x64.Build.0 = Debug|x64
		{D7A72414-8DA1-44BC-9425-7EDE32C1CFAC}.Debug|Win32.ActiveCfg = Debug|Win32
		{D7A72414-8DA1-44BC-9425-7EDE32C1CFAC}.Debug|Win32.Build.0 = Debug|Win32
		{D7A72414-8DA1-44BC-9425-7EDE32C1CFAC}.Debug|x64.ActiveCfg = Debug|x64
		{D7A72414-8DA1-44BC-9425-7EDE32C1CFAC}.Debug|x64.Build.0 = Debug|x64
		{D7A72414-8DA1-44BC-9425-7EDE32C1CFAC}.Release Alpha|Win32.ActiveCfg = Release|Win32
		{D7A72414-8DA1-44BC-9425-7EDE32C1CFAC}.Release Alpha|Win32.Build.0 = Release|Win32
		{D7A72414-8DA1-44BC-9425-7EDE32C1CFAC}.Release Alpha|x64.ActiveCfg = Release|x64
		{D7A72414-8DA1-44BC-9425-7EDE32C1CFAC}.Release Alpha|x64.Build.0 = Release|x64
		{D7A72414-8DA1-44BC-9425-7EDE32C1CFAC}.Release|Win32.ActiveCfg = Release|Win32
		{D7A72414-8DA1-44BC-9425-7EDE32C1CFAC}.Release|Win32.Build.0 = Release|Win32
		{D7A72414-8DA1-44BC-9425-7EDE32C1CFAC}.Release|x64.ActiveCfg = Release|x64
		{D7A72414-8DA1-44BC-9425-7EDE32C1CFAC}.Release|x64.Build.0 = Release|x64
		{D7A72414-8DA1-44BC-9425-7EDE32C1CFAC}.Template|Win32.ActiveCfg = Release|Win32
		{D7A72414-8DA1-44BC-9425-7EDE32C1CFAC}.Template|Win32.Build.0 = Release|Win32
		{D7A72414-8DA1-44BC-9425-7EDE32C1CFAC}.Template|x64.ActiveCfg = Debug|x64
		{D7A72414-8DA1-44BC-9425-7EDE32C1CFAC}.Template|x64.Build.0 = Debug|x64
		{F2EB7945-2837-4393-9134-9B6C9DEFBE19}.Debug Alpha|Win32.ActiveCfg = Debug|Win32
		{F2EB7945-2837-4393-9134-9B6C9DEFBE19}.Debug Alpha|Win32.Build.0 = Debug|Win32
		{F2EB7945-2837-4393-9134-9B6C9DEFBE19}.Debug Alpha|x64.ActiveCfg = Debug|x64
		{F2EB7945-2837-4393-9134-9B6C9DEFBE19}.Debug Alpha|x64.Build.0 = Debug|x64
		{F2EB7945-2837-4393-9134-9B6C9DEFBE19}.Debug|Win32.ActiveCfg = Debug|Win32
		{F2EB7945-2837-4393-9134-9B6C9DEFBE19}.Debug|Win32.Build.0 = Debug|Win32
		{F2EB7945-2837-4393-9134-9B6C9DEFBE19}.Debug|x64.ActiveCfg = Debug|x64
		{F2EB7945-2837-4393-9134-9B6C9DEFBE19}.Debug|x64.Build.0 = Debug|x64
		{F2EB7945-2837-4393-9134-9B6C9DEFBE19}.Release Alpha|Win32.ActiveCfg = Release|Win32
		{F2EB7945-2837-4393-9134-9B6C9DEFBE19}.Release Alpha|Win32.Build.0 = Release|Win32
		{F2EB7945-2837-4393-9134-9B6C9DEFBE19}.Release Alpha|x64.ActiveCfg = Release|x64
		{F2EB7945-2837-4393-9134-9B6C9DEFBE19}.Release Alpha|x64.Build.0 = Release|x64
		{F2EB7945-2837-4393-9134-9B6C9DEFBE19}.Release|Win32.ActiveCfg = Release|Win32
		{F2EB7945-2837-4393-9134-9B6C9DEFBE19}.Release|Win32.Build.0 = Release|Win32
		{F2EB7945-2837-4393-9134-9B6C9DEFBE19}.Release|x64.ActiveCfg = Release|x64
		{F2EB7945-2837-4393-9134-9B6C9DEFBE19}.Release|x64.Build.0 = Release|x64
		{F2EB7945-2837-4393-9134-9B6C9DEFBE19}.Template|Win32.ActiveCfg = Release|Win32
		{F2EB7945-2837-4393-9134-9B6C9DEFBE19}.Template|Win32.Build.0 = Release|Win32
		{F2EB7945-2837-4393-9134-9B6C9DEFBE19}.Template|x64.ActiveCfg = Debug|x64
		{F2EB7945-2837-4393-9134-9B6C9DEFBE19}.Template|x64.Build.0 = Debug|x64
		{E8CC4ACF-D848-4138-9EF3-AA7DFFEF849C}.Debug Alpha|Win32.ActiveCfg = Debug Alpha|Win32
		{E8CC4ACF-D848-4138-9EF3-AA7DFFEF849C}.Debug Alpha|Win32.Build.0 = Debug Alpha|Win32
		{E8CC4ACF-D848-4138-9EF3-AA7DFFEF849C}.Debug Alpha|x64.ActiveCfg = Debug Alpha|x64
		{E8CC4ACF-D848-4138-9EF3-AA7DFFEF849C}.Debug Alpha|x64.Build.0 = Debug Alpha|x64
		{E8CC4ACF-D848-4138-9EF3-AA7DFFEF849C}.Debug|Win32.ActiveCfg = Debug|Win32
		{E8CC4ACF-D848-4138-9EF3-AA7DFFEF849C}.Debug|Win32.Build.0 = Debug|Win32
		{E8CC4ACF-D848-4138-9EF3-AA7DFFEF849C}.Debug|x64.ActiveCfg = Debug|x64
		{E8CC4ACF-D848-4138-9EF3-AA7DFFEF849C}.Debug|x64.Build.0 = Debug|x64
		{E8CC4ACF-D848-4138-9EF3-AA7DFFEF849C}.Release Alpha|Win32.ActiveCfg = Release Alpha|Win32
		{E8CC4ACF-D848-4138-9EF3-AA7DFFEF849C}.Release Alpha|Win32.Build.0 = Release Alpha|Win32
		{E8CC4ACF-D848-4138-9EF3-AA7DFFEF849C}.Release Alpha|x64.ActiveCfg = Release Alpha|x64
		{E8CC4ACF-D848-4138-9EF3-AA7DFFEF849C}.Release Alpha|x64.Build.0 = Release Alpha|x64
		{E8CC4ACF-D848-4138-9EF3-AA7DFFEF849C}.Release|Win32.ActiveCfg = Release|Win32
		{E8CC4ACF-D848-4138-9EF3-AA7DFFEF849C}.Release|Win32.Build.0 = Release|Win32
		{E8CC4ACF-D848-4138-9EF3-AA7DFFEF849C}.Release|x64.ActiveCfg = Release|x64
		{E8CC4ACF-D848-4138-9EF3-AA7DFFEF849C}.Release|x64.Build.0 = Release|x64
		{E8CC4ACF-D848-4138-9EF3-AA7DFFEF849C}.Template|Win32.ActiveCfg = Template|Win32
		{E8CC4ACF-D848-4138-9EF3-AA7DFFEF849C}.Template|Win32.Build.0 = Template|Win32
		{E8CC4ACF-D848-4138-9EF3-AA7DFFEF849C}.Template|x64.ActiveCfg = Template|x64
		{E8CC4ACF-D848-4138-9EF3-AA7DFFEF849C}.Template|x64.Build.0 = Template|x64
	EndGlobalSection
	GlobalSection(SolutionProperties) = preSolution
		HideSolutionNode = FALSE
	EndGlobalSection
	GlobalSection(ExtensibilityGlobals) = postSolution
		SolutionGuid = {A224355F-865A-48C5-918C-967976D30176}
	EndGlobalSection
EndGlobal
