<?xml version="1.0" encoding="utf-8"?>
<Project ToolsVersion="4.0" xmlns="http://schemas.microsoft.com/developer/msbuild/2003">
  <ItemGroup>
    <Filter Include="Source Files">
      <UniqueIdentifier>{4FC737F1-C7A5-4376-A066-2A32D752A2FF}</UniqueIdentifier>
      <Extensions>cpp;c;cc;cxx;def;odl;idl;hpj;bat;asm;asmx</Extensions>
    </Filter>
    <Filter Include="Header Files">
      <UniqueIdentifier>{93995380-89BD-4b04-88EB-625FBE52EBFB}</UniqueIdentifier>
      <Extensions>h;hpp;hxx;hm;inl;inc;xsd</Extensions>
    </Filter>
    <Filter Include="Images">
      <UniqueIdentifier>{4c85ae16-e338-4167-a9d2-8e3910f82caf}</UniqueIdentifier>
    </Filter>
    <Filter Include="Shaders">
      <UniqueIdentifier>{fbed1468-fdbb-4a6b-acea-58135817ef33}</UniqueIdentifier>
    </Filter>
    <Filter Include="Shaders\Cinematic">
      <UniqueIdentifier>{d305b27a-1b3c-44be-ad86-dabcecbf7925}</UniqueIdentifier>
    </Filter>
    <Filter Include="Shaders\FillColoured">
      <UniqueIdentifier>{a2c30d63-35e2-45a2-b4a3-ec5ec4189f5c}</UniqueIdentifier>
    </Filter>
    <Filter Include="Shaders\Fadescreen">
      <UniqueIdentifier>{70973069-e54c-4bc6-b0b8-08d96f40ea48}</UniqueIdentifier>
    </Filter>
    <Filter Include="Shaders\Polyblend">
      <UniqueIdentifier>{0e10978c-f0a3-4a62-b725-2a1e3494aa51}</UniqueIdentifier>
    </Filter>
    <Filter Include="Shaders\Text">
      <UniqueIdentifier>{a8c7ce86-1210-4243-a10f-cdb8d41c9114}</UniqueIdentifier>
    </Filter>
    <Filter Include="Shaders\TexturedRect">
      <UniqueIdentifier>{ea16f882-d411-4f5f-96c6-a23990101719}</UniqueIdentifier>
    </Filter>
    <Filter Include="Shaders\Null">
      <UniqueIdentifier>{dbb8b3ed-790e-4d2e-8e1a-66d684f3bd07}</UniqueIdentifier>
    </Filter>
    <Filter Include="Shaders\Sprite">
      <UniqueIdentifier>{64f90102-2ccb-453d-8c6c-163458ba11c8}</UniqueIdentifier>
    </Filter>
    <Filter Include="Shaders\Mesh">
      <UniqueIdentifier>{4d417fcd-cfe6-4258-ab4c-907b2c928ed1}</UniqueIdentifier>
    </Filter>
    <Filter Include="Shaders\Surface">
      <UniqueIdentifier>{8f3b98db-688b-4b59-91d3-ee573cb73590}</UniqueIdentifier>
    </Filter>
    <Filter Include="Shaders\Beam">
      <UniqueIdentifier>{8220bf6c-97e8-4094-adbc-6b34a74e33af}</UniqueIdentifier>
    </Filter>
    <Filter Include="Shaders\Particles">
      <UniqueIdentifier>{c1974c77-f05c-426a-ba58-df095fe92472}</UniqueIdentifier>
    </Filter>
    <Filter Include="Shaders\Sky">
      <UniqueIdentifier>{96276222-17a0-483e-8099-d6f785881cd2}</UniqueIdentifier>
    </Filter>
  </ItemGroup>
  <ItemGroup>
    <ClCompile Include="glw_imp.c">
      <Filter>Source Files</Filter>
    </ClCompile>
    <ClCompile Include="matrix.c">
      <Filter>Source Files</Filter>
    </ClCompile>
    <ClCompile Include="mod_alias.c">
      <Filter>Source Files</Filter>
    </ClCompile>
    <ClCompile Include="mod_brush.c">
      <Filter>Source Files</Filter>
    </ClCompile>
    <ClCompile Include="mod_sprite.c">
      <Filter>Source Files</Filter>
    </ClCompile>
    <ClCompile Include="..\DirectQII\q_shared.c">
      <Filter>Source Files</Filter>
    </ClCompile>
    <ClCompile Include="r_beam.c">
      <Filter>Source Files</Filter>
    </ClCompile>
    <ClCompile Include="r_draw.c">
      <Filter>Source Files</Filter>
    </ClCompile>
    <ClCompile Include="r_image.c">
      <Filter>Source Files</Filter>
    </ClCompile>
    <ClCompile Include="r_light.c">
      <Filter>Source Files</Filter>
    </ClCompile>
    <ClCompile Include="r_main.c">
      <Filter>Source Files</Filter>
    </ClCompile>
    <ClCompile Include="r_mesh.c">
      <Filter>Source Files</Filter>
    </ClCompile>
    <ClCompile Include="r_model.c">
      <Filter>Source Files</Filter>
    </ClCompile>
    <ClCompile Include="r_null.c">
      <Filter>Source Files</Filter>
    </ClCompile>
    <ClCompile Include="r_particles.c">
      <Filter>Source Files</Filter>
    </ClCompile>
    <ClCompile Include="r_sky.c">
      <Filter>Source Files</Filter>
    </ClCompile>
    <ClCompile Include="r_sprite.c">
      <Filter>Source Files</Filter>
    </ClCompile>
    <ClCompile Include="r_surf.c">
      <Filter>Source Files</Filter>
    </ClCompile>
    <ClCompile Include="r_texture.c">
      <Filter>Source Files</Filter>
    </ClCompile>
    <ClCompile Include="r_vcache.c">
      <Filter>Source Files</Filter>
    </ClCompile>
    <ClCompile Include="r_vidref.c">
      <Filter>Source Files</Filter>
    </ClCompile>
    <ClCompile Include="TestDirectX12.cpp">
      <Filter>Source Files</Filter>
    </ClCompile>
    <ClCompile Include="WindowsWindow.cpp">
      <Filter>Source Files</Filter>
    </ClCompile>
    <ClCompile Include="RenderEnvironment.cpp">
      <Filter>Source Files</Filter>
    </ClCompile>
    <ClCompile Include="Renderer.cpp">
      <Filter>Source Files</Filter>
    </ClCompile>
    <ClCompile Include="Utils.cpp">
      <Filter>Source Files</Filter>
    </ClCompile>
    <ClCompile Include="PipelineStateManager.cpp">
      <Filter>Source Files</Filter>
    </ClCompile>
    <ClCompile Include="ResourceManager.cpp">
      <Filter>Source Files</Filter>
    </ClCompile>
  </ItemGroup>
  <ItemGroup>
    <ClInclude Include="..\DirectQII\anorms.h">
      <Filter>Header Files</Filter>
    </ClInclude>
    <ClInclude Include="matrix.h">
      <Filter>Header Files</Filter>
    </ClInclude>
    <ClInclude Include="..\DirectQII\q_shared.h">
      <Filter>Header Files</Filter>
    </ClInclude>
    <ClInclude Include="..\DirectQII\qfiles.h">
      <Filter>Header Files</Filter>
    </ClInclude>
    <ClInclude Include="r_local.h">
      <Filter>Header Files</Filter>
    </ClInclude>
    <ClInclude Include="r_model.h">
      <Filter>Header Files</Filter>
    </ClInclude>
    <ClInclude Include="..\DirectQII\ref.h">
      <Filter>Header Files</Filter>
    </ClInclude>
    <ClInclude Include="TestDirectX12.h">
      <Filter>Header Files</Filter>
    </ClInclude>
    <ClInclude Include="d3dx12.h">
      <Filter>Header Files</Filter>
    </ClInclude>
    <ClInclude Include="WindowsWindow.h">
      <Filter>Header Files</Filter>
    </ClInclude>
    <ClInclude Include="RenderEnvironment.h">
      <Filter>Header Files</Filter>
    </ClInclude>
    <ClInclude Include="Renderer.h">
      <Filter>Header Files</Filter>
    </ClInclude>
    <ClInclude Include="Utils.h">
      <Filter>Header Files</Filter>
    </ClInclude>
    <ClInclude Include="PipelineStateManager.h">
      <Filter>Header Files</Filter>
    </ClInclude>
    <ClInclude Include="ResourceManager.h">
      <Filter>Header Files</Filter>
    </ClInclude>
  </ItemGroup>
  <ItemGroup>
    <None Include="envmap.pcx">
      <Filter>Images</Filter>
    </None>
  </ItemGroup>
  <ItemGroup>
    <FxCompile Include="DrawCinematicPS.hlsl">
      <Filter>Shaders\Cinematic</Filter>
    </FxCompile>
    <FxCompile Include="DrawCinematicVS.hlsl">
      <Filter>Shaders\Cinematic</Filter>
    </FxCompile>
    <FxCompile Include="DrawColouredPS.hlsl">
      <Filter>Shaders\FillColoured</Filter>
    </FxCompile>
    <FxCompile Include="DrawColouredVS.hlsl">
      <Filter>Shaders\FillColoured</Filter>
    </FxCompile>
    <FxCompile Include="DrawFadescreenPS.hlsl">
      <Filter>Shaders\Fadescreen</Filter>
    </FxCompile>
    <FxCompile Include="DrawFadescreenVS.hlsl">
      <Filter>Shaders\Fadescreen</Filter>
    </FxCompile>
    <FxCompile Include="DrawPolyblendVS.hlsl">
      <Filter>Shaders\Polyblend</Filter>
    </FxCompile>
    <FxCompile Include="DrawPolyblendPS.hlsl">
      <Filter>Shaders\Polyblend</Filter>
    </FxCompile>
    <FxCompile Include="DrawTexArrayPS.hlsl">
      <Filter>Shaders\Text</Filter>
    </FxCompile>
    <FxCompile Include="DrawTexArrayVS.hlsl">
      <Filter>Shaders\Text</Filter>
    </FxCompile>
    <FxCompile Include="DrawTexturedPS.hlsl">
      <Filter>Shaders\TexturedRect</Filter>
    </FxCompile>
    <FxCompile Include="DrawTexturedVS.hlsl">
      <Filter>Shaders\TexturedRect</Filter>
    </FxCompile>
    <FxCompile Include="NullGS.hlsl">
      <Filter>Shaders\Null</Filter>
    </FxCompile>
    <FxCompile Include="NullPS.hlsl">
      <Filter>Shaders\Null</Filter>
    </FxCompile>
    <FxCompile Include="NullVS.hlsl">
      <Filter>Shaders\Null</Filter>
    </FxCompile>
    <FxCompile Include="SpritePS.hlsl">
      <Filter>Shaders\Sprite</Filter>
    </FxCompile>
    <FxCompile Include="SpriteVS.hlsl">
      <Filter>Shaders\Sprite</Filter>
    </FxCompile>
    <FxCompile Include="MeshFullbrightPS.hlsl">
      <Filter>Shaders\Mesh</Filter>
    </FxCompile>
    <FxCompile Include="MeshLightmapVS.hlsl">
      <Filter>Shaders\Mesh</Filter>
    </FxCompile>
    <FxCompile Include="SurfBasicPS.hlsl">
      <Filter>Shaders\Surface</Filter>
    </FxCompile>
    <FxCompile Include="SurfBasicVS.hlsl">
      <Filter>Shaders\Surface</Filter>
    </FxCompile>
    <FxCompile Include="SurfAlphaVS.hlsl">
      <Filter>Shaders\Surface</Filter>
    </FxCompile>
    <FxCompile Include="SurfAlphaPS.hlsl">
      <Filter>Shaders\Surface</Filter>
    </FxCompile>
    <FxCompile Include="SurfLightmapVS.hlsl">
      <Filter>Shaders\Surface</Filter>
    </FxCompile>
    <FxCompile Include="SurfLightmapPS.hlsl">
      <Filter>Shaders\Surface</Filter>
    </FxCompile>
    <FxCompile Include="SurfDrawTurbVS.hlsl">
      <Filter>Shaders\Surface</Filter>
    </FxCompile>
    <FxCompile Include="SurfDrawTurbPS.hlsl">
      <Filter>Shaders\Surface</Filter>
    </FxCompile>
    <FxCompile Include="SurfDynamicVS.hlsl">
      <Filter>Shaders\Surface</Filter>
    </FxCompile>
    <FxCompile Include="SurfDynamicGS.hlsl">
      <Filter>Shaders\Surface</Filter>
    </FxCompile>
    <FxCompile Include="GenericDynamicPS.hlsl">
      <Filter>Shaders</Filter>
    </FxCompile>
    <FxCompile Include="MeshLightmapPS.hlsl">
      <Filter>Shaders\Mesh</Filter>
    </FxCompile>
    <FxCompile Include="MeshDynamicVS.hlsl">
      <Filter>Shaders\Mesh</Filter>
    </FxCompile>
    <FxCompile Include="MeshPowersuitVS.hlsl">
      <Filter>Shaders\Mesh</Filter>
    </FxCompile>
    <FxCompile Include="MeshPowersuitPS.hlsl">
      <Filter>Shaders\Mesh</Filter>
    </FxCompile>
    <FxCompile Include="BeamVS.hlsl">
      <Filter>Shaders\Beam</Filter>
    </FxCompile>
    <FxCompile Include="BeamPS.hlsl">
      <Filter>Shaders\Beam</Filter>
    </FxCompile>
    <FxCompile Include="ParticleVS.hlsl">
      <Filter>Shaders\Particles</Filter>
    </FxCompile>
    <FxCompile Include="ParticleCircleGS.hlsl">
      <Filter>Shaders\Particles</Filter>
    </FxCompile>
    <FxCompile Include="ParticleCirclePS.hlsl">
      <Filter>Shaders\Particles</Filter>
    </FxCompile>
    <FxCompile Include="ParticleSquareGS.hlsl">
      <Filter>Shaders\Particles</Filter>
    </FxCompile>
    <FxCompile Include="ParticleSquarePS.hlsl">
      <Filter>Shaders\Particles</Filter>
    </FxCompile>
    <FxCompile Include="SurfDrawSkyVS.hlsl">
      <Filter>Shaders\Sky</Filter>
    </FxCompile>
    <FxCompile Include="SurfDrawSkyPS.hlsl">
      <Filter>Shaders\Sky</Filter>
    </FxCompile>
    <FxCompile Include="SkyNoSkyPS.hlsl">
      <Filter>Shaders\Sky</Filter>
    </FxCompile>
  </ItemGroup>
</Project>